// !$*UTF8*$!
{
	archiveVersion = 1;
	classes = {
	};
	objectVersion = 46;
	objects = {

/* Begin PBXBuildFile section */
		454B79A01C16F86D00955BED /* main.m in Sources */ = {isa = PBXBuildFile; fileRef = 454B799F1C16F86D00955BED /* main.m */; };
		454B79A31C16F86D00955BED /* AppDelegate.m in Sources */ = {isa = PBXBuildFile; fileRef = 454B79A21C16F86D00955BED /* AppDelegate.m */; };
		454B79A61C16F86D00955BED /* ViewController.m in Sources */ = {isa = PBXBuildFile; fileRef = 454B79A51C16F86D00955BED /* ViewController.m */; };
		454B79A91C16F86D00955BED /* Main.storyboard in Resources */ = {isa = PBXBuildFile; fileRef = 454B79A71C16F86D00955BED /* Main.storyboard */; };
		454B79AC1C16F86D00955BED /* _____Demo.xcdatamodeld in Sources */ = {isa = PBXBuildFile; fileRef = 454B79AA1C16F86D00955BED /* _____Demo.xcdatamodeld */; };
		454B79AE1C16F86D00955BED /* Assets.xcassets in Resources */ = {isa = PBXBuildFile; fileRef = 454B79AD1C16F86D00955BED /* Assets.xcassets */; };
		454B79B11C16F86D00955BED /* LaunchScreen.storyboard in Resources */ = {isa = PBXBuildFile; fileRef = 454B79AF1C16F86D00955BED /* LaunchScreen.storyboard */; };
		454B79BB1C16F90500955BED /* SegmentTapView.m in Sources */ = {isa = PBXBuildFile; fileRef = 454B79BA1C16F90500955BED /* SegmentTapView.m */; };
		454B79BF1C16FA1E00955BED /* FlipTableView.m in Sources */ = {isa = PBXBuildFile; fileRef = 454B79BE1C16FA1E00955BED /* FlipTableView.m */; };
		454B79C41C16FB2B00955BED /* ViewController1.m in Sources */ = {isa = PBXBuildFile; fileRef = 454B79C21C16FB2B00955BED /* ViewController1.m */; };
		454B79C51C16FB2B00955BED /* ViewController1.xib in Resources */ = {isa = PBXBuildFile; fileRef = 454B79C31C16FB2B00955BED /* ViewController1.xib */; };
		454B79C91C16FB4C00955BED /* ViewController2.m in Sources */ = {isa = PBXBuildFile; fileRef = 454B79C71C16FB4C00955BED /* ViewController2.m */; };
		454B79CA1C16FB4C00955BED /* ViewController2.xib in Resources */ = {isa = PBXBuildFile; fileRef = 454B79C81C16FB4C00955BED /* ViewController2.xib */; };
		454B79CE1C16FB5700955BED /* ViewController3.m in Sources */ = {isa = PBXBuildFile; fileRef = 454B79CC1C16FB5700955BED /* ViewController3.m */; };
		454B79CF1C16FB5700955BED /* ViewController3.xib in Resources */ = {isa = PBXBuildFile; fileRef = 454B79CD1C16FB5700955BED /* ViewController3.xib */; };
		454B79D31C16FB6100955BED /* ViewController4.m in Sources */ = {isa = PBXBuildFile; fileRef = 454B79D11C16FB6100955BED /* ViewController4.m */; };
		454B79D41C16FB6100955BED /* ViewController4.xib in Resources */ = {isa = PBXBuildFile; fileRef = 454B79D21C16FB6100955BED /* ViewController4.xib */; };
		454B79D61C1701CE00955BED /* Body.storyboard in Resources */ = {isa = PBXBuildFile; fileRef = 454B79D51C1701CE00955BED /* Body.storyboard */; };
/* End PBXBuildFile section */

/* Begin PBXFileReference section */
		454B799B1C16F86D00955BED /* 分段控制器Demo.app */ = {isa = PBXFileReference; explicitFileType = wrapper.application; includeInIndex = 0; path = "分段控制器Demo.app"; sourceTree = BUILT_PRODUCTS_DIR; };
		454B799F1C16F86D00955BED /* main.m */ = {isa = PBXFileReference; lastKnownFileType = sourcecode.c.objc; path = main.m; sourceTree = "<group>"; };
		454B79A11C16F86D00955BED /* AppDelegate.h */ = {isa = PBXFileReference; lastKnownFileType = sourcecode.c.h; path = AppDelegate.h; sourceTree = "<group>"; };
		454B79A21C16F86D00955BED /* AppDelegate.m */ = {isa = PBXFileReference; lastKnownFileType = sourcecode.c.objc; path = AppDelegate.m; sourceTree = "<group>"; };
		454B79A41C16F86D00955BED /* ViewController.h */ = {isa = PBXFileReference; lastKnownFileType = sourcecode.c.h; path = ViewController.h; sourceTree = "<group>"; };
		454B79A51C16F86D00955BED /* ViewController.m */ = {isa = PBXFileReference; lastKnownFileType = sourcecode.c.objc; path = ViewController.m; sourceTree = "<group>"; };
		454B79A81C16F86D00955BED /* Base */ = {isa = PBXFileReference; lastKnownFileType = file.storyboard; name = Base; path = Base.lproj/Main.storyboard; sourceTree = "<group>"; };
		454B79AB1C16F86D00955BED /* _____Demo.xcdatamodel */ = {isa = PBXFileReference; lastKnownFileType = wrapper.xcdatamodel; path = "_____Demo.xcdatamodel"; sourceTree = "<group>"; };
		454B79AD1C16F86D00955BED /* Assets.xcassets */ = {isa = PBXFileReference; lastKnownFileType = folder.assetcatalog; path = Assets.xcassets; sourceTree = "<group>"; };
		454B79B01C16F86D00955BED /* Base */ = {isa = PBXFileReference; lastKnownFileType = file.storyboard; name = Base; path = Base.lproj/LaunchScreen.storyboard; sourceTree = "<group>"; };
		454B79B21C16F86D00955BED /* Info.plist */ = {isa = PBXFileReference; lastKnownFileType = text.plist.xml; path = Info.plist; sourceTree = "<group>"; };
		454B79B91C16F90500955BED /* SegmentTapView.h */ = {isa = PBXFileReference; fileEncoding = 4; lastKnownFileType = sourcecode.c.h; path = SegmentTapView.h; sourceTree = "<group>"; };
		454B79BA1C16F90500955BED /* SegmentTapView.m */ = {isa = PBXFileReference; fileEncoding = 4; lastKnownFileType = sourcecode.c.objc; path = SegmentTapView.m; sourceTree = "<group>"; };
		454B79BD1C16FA1E00955BED /* FlipTableView.h */ = {isa = PBXFileReference; fileEncoding = 4; lastKnownFileType = sourcecode.c.h; path = FlipTableView.h; sourceTree = "<group>"; };
		454B79BE1C16FA1E00955BED /* FlipTableView.m */ = {isa = PBXFileReference; fileEncoding = 4; lastKnownFileType = sourcecode.c.objc; path = FlipTableView.m; sourceTree = "<group>"; };
		454B79C11C16FB2B00955BED /* ViewController1.h */ = {isa = PBXFileReference; fileEncoding = 4; lastKnownFileType = sourcecode.c.h; path = ViewController1.h; sourceTree = "<group>"; };
		454B79C21C16FB2B00955BED /* ViewController1.m */ = {isa = PBXFileReference; fileEncoding = 4; lastKnownFileType = sourcecode.c.objc; path = ViewController1.m; sourceTree = "<group>"; };
		454B79C31C16FB2B00955BED /* ViewController1.xib */ = {isa = PBXFileReference; fileEncoding = 4; lastKnownFileType = file.xib; path = ViewController1.xib; sourceTree = "<group>"; };
		454B79C61C16FB4C00955BED /* ViewController2.h */ = {isa = PBXFileReference; fileEncoding = 4; lastKnownFileType = sourcecode.c.h; path = ViewController2.h; sourceTree = "<group>"; };
		454B79C71C16FB4C00955BED /* ViewController2.m */ = {isa = PBXFileReference; fileEncoding = 4; lastKnownFileType = sourcecode.c.objc; path = ViewController2.m; sourceTree = "<group>"; };
		454B79C81C16FB4C00955BED /* ViewController2.xib */ = {isa = PBXFileReference; fileEncoding = 4; lastKnownFileType = file.xib; path = ViewController2.xib; sourceTree = "<group>"; };
		454B79CB1C16FB5700955BED /* ViewController3.h */ = {isa = PBXFileReference; fileEncoding = 4; lastKnownFileType = sourcecode.c.h; path = ViewController3.h; sourceTree = "<group>"; };
		454B79CC1C16FB5700955BED /* ViewController3.m */ = {isa = PBXFileReference; fileEncoding = 4; lastKnownFileType = sourcecode.c.objc; path = ViewController3.m; sourceTree = "<group>"; };
		454B79CD1C16FB5700955BED /* ViewController3.xib */ = {isa = PBXFileReference; fileEncoding = 4; lastKnownFileType = file.xib; path = ViewController3.xib; sourceTree = "<group>"; };
		454B79D01C16FB6100955BED /* ViewController4.h */ = {isa = PBXFileReference; fileEncoding = 4; lastKnownFileType = sourcecode.c.h; path = ViewController4.h; sourceTree = "<group>"; };
		454B79D11C16FB6100955BED /* ViewController4.m */ = {isa = PBXFileReference; fileEncoding = 4; lastKnownFileType = sourcecode.c.objc; path = ViewController4.m; sourceTree = "<group>"; };
		454B79D21C16FB6100955BED /* ViewController4.xib */ = {isa = PBXFileReference; fileEncoding = 4; lastKnownFileType = file.xib; path = ViewController4.xib; sourceTree = "<group>"; };
		454B79D51C1701CE00955BED /* Body.storyboard */ = {isa = PBXFileReference; fileEncoding = 4; lastKnownFileType = file.storyboard; path = Body.storyboard; sourceTree = "<group>"; };
/* End PBXFileReference section */

/* Begin PBXFrameworksBuildPhase section */
		454B79981C16F86D00955BED /* Frameworks */ = {
			isa = PBXFrameworksBuildPhase;
			buildActionMask = 2147483647;
			files = (
			);
			runOnlyForDeploymentPostprocessing = 0;
		};
/* End PBXFrameworksBuildPhase section */

/* Begin PBXGroup section */
		454B79921C16F86D00955BED = {
			isa = PBXGroup;
			children = (
				454B79C01C16FB0A00955BED /* BodyController */,
				454B79B81C16F8E000955BED /* SegmentTap */,
				454B79BC1C16F9F300955BED /* FilpTableView */,
				454B799D1C16F86D00955BED /* 分段控制器Demo */,
				454B799C1C16F86D00955BED /* Products */,
			);
			sourceTree = "<group>";
		};
		454B799C1C16F86D00955BED /* Products */ = {
			isa = PBXGroup;
			children = (
				454B799B1C16F86D00955BED /* 分段控制器Demo.app */,
			);
			name = Products;
			sourceTree = "<group>";
		};
		454B799D1C16F86D00955BED /* 分段控制器Demo */ = {
			isa = PBXGroup;
			children = (
				454B79A11C16F86D00955BED /* AppDelegate.h */,
				454B79A21C16F86D00955BED /* AppDelegate.m */,
				454B79A41C16F86D00955BED /* ViewController.h */,
				454B79A51C16F86D00955BED /* ViewController.m */,
				454B79A71C16F86D00955BED /* Main.storyboard */,
				454B79AD1C16F86D00955BED /* Assets.xcassets */,
				454B79AF1C16F86D00955BED /* LaunchScreen.storyboard */,
				454B79B21C16F86D00955BED /* Info.plist */,
				454B79AA1C16F86D00955BED /* _____Demo.xcdatamodeld */,
				454B799E1C16F86D00955BED /* Supporting Files */,
			);
			path = "分段控制器Demo";
			sourceTree = "<group>";
		};
		454B799E1C16F86D00955BED /* Supporting Files */ = {
			isa = PBXGroup;
			children = (
				454B799F1C16F86D00955BED /* main.m */,
			);
			name = "Supporting Files";
			sourceTree = "<group>";
		};
		454B79B81C16F8E000955BED /* SegmentTap */ = {
			isa = PBXGroup;
			children = (
				454B79B91C16F90500955BED /* SegmentTapView.h */,
				454B79BA1C16F90500955BED /* SegmentTapView.m */,
			);
			name = SegmentTap;
			sourceTree = "<group>";
		};
		454B79BC1C16F9F300955BED /* FilpTableView */ = {
			isa = PBXGroup;
			children = (
				454B79BD1C16FA1E00955BED /* FlipTableView.h */,
				454B79BE1C16FA1E00955BED /* FlipTableView.m */,
			);
			name = FilpTableView;
			sourceTree = "<group>";
		};
		454B79C01C16FB0A00955BED /* BodyController */ = {
			isa = PBXGroup;
			children = (
				454B79C11C16FB2B00955BED /* ViewController1.h */,
				454B79C21C16FB2B00955BED /* ViewController1.m */,
				454B79C31C16FB2B00955BED /* ViewController1.xib */,
				454B79C61C16FB4C00955BED /* ViewController2.h */,
				454B79C71C16FB4C00955BED /* ViewController2.m */,
				454B79C81C16FB4C00955BED /* ViewController2.xib */,
				454B79CB1C16FB5700955BED /* ViewController3.h */,
				454B79CC1C16FB5700955BED /* ViewController3.m */,
				454B79CD1C16FB5700955BED /* ViewController3.xib */,
				454B79D01C16FB6100955BED /* ViewController4.h */,
				454B79D11C16FB6100955BED /* ViewController4.m */,
				454B79D21C16FB6100955BED /* ViewController4.xib */,
				454B79D51C1701CE00955BED /* Body.storyboard */,
			);
			name = BodyController;
			sourceTree = "<group>";
		};
/* End PBXGroup section */

/* Begin PBXNativeTarget section */
		454B799A1C16F86D00955BED /* 分段控制器Demo */ = {
			isa = PBXNativeTarget;
			buildConfigurationList = 454B79B51C16F86D00955BED /* Build configuration list for PBXNativeTarget "分段控制器Demo" */;
			buildPhases = (
				454B79971C16F86D00955BED /* Sources */,
				454B79981C16F86D00955BED /* Frameworks */,
				454B79991C16F86D00955BED /* Resources */,
			);
			buildRules = (
			);
			dependencies = (
			);
			name = "分段控制器Demo";
			productName = "分段控制器Demo";
			productReference = 454B799B1C16F86D00955BED /* 分段控制器Demo.app */;
			productType = "com.apple.product-type.application";
		};
/* End PBXNativeTarget section */

/* Begin PBXProject section */
		454B79931C16F86D00955BED /* Project object */ = {
			isa = PBXProject;
			attributes = {
				LastUpgradeCheck = 0710;
				ORGANIZATIONNAME = LemonXia;
				TargetAttributes = {
					454B799A1C16F86D00955BED = {
						CreatedOnToolsVersion = 7.1.1;
					};
				};
			};
			buildConfigurationList = 454B79961C16F86D00955BED /* Build configuration list for PBXProject "分段控制器Demo" */;
			compatibilityVersion = "Xcode 3.2";
			developmentRegion = English;
			hasScannedForEncodings = 0;
			knownRegions = (
				en,
				Base,
			);
			mainGroup = 454B79921C16F86D00955BED;
			productRefGroup = 454B799C1C16F86D00955BED /* Products */;
			projectDirPath = "";
			projectRoot = "";
			targets = (
				454B799A1C16F86D00955BED /* 分段控制器Demo */,
			);
		};
/* End PBXProject section */

/* Begin PBXResourcesBuildPhase section */
		454B79991C16F86D00955BED /* Resources */ = {
			isa = PBXResourcesBuildPhase;
			buildActionMask = 2147483647;
			files = (
				454B79CF1C16FB5700955BED /* ViewController3.xib in Resources */,
				454B79CA1C16FB4C00955BED /* ViewController2.xib in Resources */,
				454B79C51C16FB2B00955BED /* ViewController1.xib in Resources */,
				454B79B11C16F86D00955BED /* LaunchScreen.storyboard in Resources */,
				454B79D61C1701CE00955BED /* Body.storyboard in Resources */,
				454B79D41C16FB6100955BED /* ViewController4.xib in Resources */,
				454B79AE1C16F86D00955BED /* Assets.xcassets in Resources */,
				454B79A91C16F86D00955BED /* Main.storyboard in Resources */,
			);
			runOnlyForDeploymentPostprocessing = 0;
		};
/* End PBXResourcesBuildPhase section */

/* Begin PBXSourcesBuildPhase section */
		454B79971C16F86D00955BED /* Sources */ = {
			isa = PBXSourcesBuildPhase;
			buildActionMask = 2147483647;
			files = (
				454B79BF1C16FA1E00955BED /* FlipTableView.m in Sources */,
				454B79D31C16FB6100955BED /* ViewController4.m in Sources */,
				454B79C41C16FB2B00955BED /* ViewController1.m in Sources */,
				454B79CE1C16FB5700955BED /* ViewController3.m in Sources */,
				454B79A61C16F86D00955BED /* ViewController.m in Sources */,
				454B79A31C16F86D00955BED /* AppDelegate.m in Sources */,
				454B79AC1C16F86D00955BED /* _____Demo.xcdatamodeld in Sources */,
				454B79C91C16FB4C00955BED /* ViewController2.m in Sources */,
				454B79A01C16F86D00955BED /* main.m in Sources */,
				454B79BB1C16F90500955BED /* SegmentTapView.m in Sources */,
			);
			runOnlyForDeploymentPostprocessing = 0;
		};
/* End PBXSourcesBuildPhase section */

/* Begin PBXVariantGroup section */
		454B79A71C16F86D00955BED /* Main.storyboard */ = {
			isa = PBXVariantGroup;
			children = (
				454B79A81C16F86D00955BED /* Base */,
			);
			name = Main.storyboard;
			sourceTree = "<group>";
		};
		454B79AF1C16F86D00955BED /* LaunchScreen.storyboard */ = {
			isa = PBXVariantGroup;
			children = (
				454B79B01C16F86D00955BED /* Base */,
			);
			name = LaunchScreen.storyboard;
			sourceTree = "<group>";
		};
/* End PBXVariantGroup section */

/* Begin XCBuildConfiguration section */
		454B79B31C16F86D00955BED /* Debug */ = {
			isa = XCBuildConfiguration;
			buildSettings = {
				ALWAYS_SEARCH_USER_PATHS = NO;
				CLANG_CXX_LANGUAGE_STANDARD = "gnu++0x";
				CLANG_CXX_LIBRARY = "libc++";
				CLANG_ENABLE_MODULES = YES;
				CLANG_ENABLE_OBJC_ARC = YES;
				CLANG_WARN_BOOL_CONVERSION = YES;
				CLANG_WARN_CONSTANT_CONVERSION = YES;
				CLANG_WARN_DIRECT_OBJC_ISA_USAGE = YES_ERROR;
				CLANG_WARN_EMPTY_BODY = YES;
				CLANG_WARN_ENUM_CONVERSION = YES;
				CLANG_WARN_INT_CONVERSION = YES;
				CLANG_WARN_OBJC_ROOT_CLASS = YES_ERROR;
				CLANG_WARN_UNREACHABLE_CODE = YES;
				CLANG_WARN__DUPLICATE_METHOD_MATCH = YES;
				"CODE_SIGN_IDENTITY[sdk=iphoneos*]" = "iPhone Developer";
				COPY_PHASE_STRIP = NO;
				DEBUG_INFORMATION_FORMAT = dwarf;
				ENABLE_STRICT_OBJC_MSGSEND = YES;
				ENABLE_TESTABILITY = YES;
				GCC_C_LANGUAGE_STANDARD = gnu99;
				GCC_DYNAMIC_NO_PIC = NO;
				GCC_NO_COMMON_BLOCKS = YES;
				GCC_OPTIMIZATION_LEVEL = 0;
				GCC_PREPROCESSOR_DEFINITIONS = (
					"DEBUG=1",
					"$(inherited)",
				);
				GCC_WARN_64_TO_32_BIT_CONVERSION = YES;
				GCC_WARN_ABOUT_RETURN_TYPE = YES_ERROR;
				GCC_WARN_UNDECLARED_SELECTOR = YES;
				GCC_WARN_UNINITIALIZED_AUTOS = YES_AGGRESSIVE;
				GCC_WARN_UNUSED_FUNCTION = YES;
				GCC_WARN_UNUSED_VARIABLE = YES;
				IPHONEOS_DEPLOYMENT_TARGET = 9.1;
				MTL_ENABLE_DEBUG_INFO = YES;
				ONLY_ACTIVE_ARCH = YES;
				SDKROOT = iphoneos;
			};
			name = Debug;
		};
		454B79B41C16F86D00955BED /* Release */ = {
			isa = XCBuildConfiguration;
			buildSettings = {
				ALWAYS_SEARCH_USER_PATHS = NO;
				CLANG_CXX_LANGUAGE_STANDARD = "gnu++0x";
				CLANG_CXX_LIBRARY = "libc++";
				CLANG_ENABLE_MODULES = YES;
				CLANG_ENABLE_OBJC_ARC = YES;
				CLANG_WARN_BOOL_CONVERSION = YES;
				CLANG_WARN_CONSTANT_CONVERSION = YES;
				CLANG_WARN_DIRECT_OBJC_ISA_USAGE = YES_ERROR;
				CLANG_WARN_EMPTY_BODY = YES;
				CLANG_WARN_ENUM_CONVERSION = YES;
				CLANG_WARN_INT_CONVERSION = YES;
				CLANG_WARN_OBJC_ROOT_CLASS = YES_ERROR;
				CLANG_WARN_UNREACHABLE_CODE = YES;
				CLANG_WARN__DUPLICATE_METHOD_MATCH = YES;
				"CODE_SIGN_IDENTITY[sdk=iphoneos*]" = "iPhone Developer";
				COPY_PHASE_STRIP = NO;
				DEBUG_INFORMATION_FORMAT = "dwarf-with-dsym";
				ENABLE_NS_ASSERTIONS = NO;
				ENABLE_STRICT_OBJC_MSGSEND = YES;
				GCC_C_LANGUAGE_STANDARD = gnu99;
				GCC_NO_COMMON_BLOCKS = YES;
				GCC_WARN_64_TO_32_BIT_CONVERSION = YES;
				GCC_WARN_ABOUT_RETURN_TYPE = YES_ERROR;
				GCC_WARN_UNDECLARED_SELECTOR = YES;
				GCC_WARN_UNINITIALIZED_AUTOS = YES_AGGRESSIVE;
				GCC_WARN_UNUSED_FUNCTION = YES;
				GCC_WARN_UNUSED_VARIABLE = YES;
				IPHONEOS_DEPLOYMENT_TARGET = 9.1;
				MTL_ENABLE_DEBUG_INFO = NO;
				SDKROOT = iphoneos;
				VALIDATE_PRODUCT = YES;
			};
			name = Release;
		};
		454B79B61C16F86D00955BED /* Debug */ = {
			isa = XCBuildConfiguration;
			buildSettings = {
				ASSETCATALOG_COMPILER_APPICON_NAME = AppIcon;
				INFOPLIST_FILE = "分段控制器Demo/Info.plist";
				LD_RUNPATH_SEARCH_PATHS = "$(inherited) @executable_path/Frameworks";
				PRODUCT_BUNDLE_IDENTIFIER = "com.Lemon.-----Demo";
				PRODUCT_NAME = "$(TARGET_NAME)";
			};
			name = Debug;
		};
		454B79B71C16F86D00955BED /* Release */ = {
			isa = XCBuildConfiguration;
			buildSettings = {
				ASSETCATALOG_COMPILER_APPICON_NAME = AppIcon;
				INFOPLIST_FILE = "分段控制器Demo/Info.plist";
				LD_RUNPATH_SEARCH_PATHS = "$(inherited) @executable_path/Frameworks";
				PRODUCT_BUNDLE_IDENTIFIER = "com.Lemon.-----Demo";
				PRODUCT_NAME = "$(TARGET_NAME)";
			};
			name = Release;
		};
/* End XCBuildConfiguration section */

/* Begin XCConfigurationList section */
		454B79961C16F86D00955BED /* Build configuration list for PBXProject "分段控制器Demo" */ = {
			isa = XCConfigurationList;
			buildConfigurations = (
				454B79B31C16F86D00955BED /* Debug */,
				454B79B41C16F86D00955BED /* Release */,
			);
			defaultConfigurationIsVisible = 0;
			defaultConfigurationName = Release;
		};
		454B79B51C16F86D00955BED /* Build configuration list for PBXNativeTarget "分段控制器Demo" */ = {
			isa = XCConfigurationList;
			buildConfigurations = (
				454B79B61C16F86D00955BED /* Debug */,
				454B79B71C16F86D00955BED /* Release */,
			);
			defaultConfigurationIsVisible = 0;
		};
/* End XCConfigurationList section */

/* Begin XCVersionGroup section */
		454B79AA1C16F86D00955BED /* _____Demo.xcdatamodeld */ = {
			isa = XCVersionGroup;
			children = (
				454B79AB1C16F86D00955BED /* _____Demo.xcdatamodel */,
			);
			currentVersion = 454B79AB1C16F86D00955BED /* _____Demo.xcdatamodel */;
			path = "_____Demo.xcdatamodeld";
			sourceTree = "<group>";
			versionGroupType = wrapper.xcdatamodel;
		};
/* End XCVersionGroup section */
	};
	rootObject = 454B79931C16F86D00955BED /* Project object */;
}
